
Microsoft Visual Studio Solution File, Format Version 12.00
# Visual Studio Version 17
VisualStudioVersion = 17.3.32922.545
MinimumVisualStudioVersion = 10.0.40219.1
Project("{FAE04EC0-301F-11D3-BF4B-00C04F79EFBC}") = "WebApplication1", "WebApplication1.csproj", "{99C2A5D1-7388-4F39-9363-F1F844C1433C}"
EndProject
Global
	GlobalSection(SolutionConfigurationPlatforms) = preSolution
		Debug|Any CPU = Debug|Any CPU
		Release|Any CPU = Release|Any CPU
	EndGlobalSection
	GlobalSection(ProjectConfigurationPlatforms) = postSolution
		{99C2A5D1-7388-4F39-9363-F1F844C1433C}.Debug|Any CPU.ActiveCfg = Debug|Any CPU
		{99C2A5D1-7388-4F39-9363-F1F844C1433C}.Debug|Any CPU.Build.0 = Debug|Any CPU
		{99C2A5D1-7388-4F39-9363-F1F844C1433C}.Release|Any CPU.ActiveCfg = Release|Any CPU
		{99C2A5D1-7388-4F39-9363-F1F844C1433C}.Release|Any CPU.Build.0 = Release|Any CPU
	EndGlobalSection
	GlobalSection(SolutionProperties) = preSolution
		HideSolutionNode = FALSE
	EndGlobalSection
	GlobalSection(ExtensibilityGlobals) = postSolution
		SolutionGuid = {FA1D7A53-5814-43A0-B0E9-16E80C098AF1}
	EndGlobalSection
EndGlobal
